{
    "_readme": [
        "This file locks the dependencies of your project to a known state",
        "Read more about it at https://getcomposer.org/doc/01-basic-usage.md#composer-lock-the-lock-file",
        "This file is @generated automatically"
    ],
    "hash": "7774d5a3a495f53357156848e4d97345",
    "content-hash": "3ab64328efab278f26a2a4340f5cd217",
    "packages": [],
    "packages-dev": [
        {
            "name": "trsenna/gozma12",
            "version": "0.7.0",
            "source": {
                "type": "git",
                "url": "https://github.com/trsenna/gozma12.git",
                "reference": "3f335d72c0dad54b144b643d235546871155a135"
            },
            "dist": {
                "type": "zip",
                "url": "https://api.github.com/repos/trsenna/gozma12/zipball/3f335d72c0dad54b144b643d235546871155a135",
                "reference": "3f335d72c0dad54b144b643d235546871155a135",
                "shasum": ""
            },
            "type": "project",
            "license": [
                "GPL-2.0+"
            ],
            "authors": [
                {
                    "name": "Thiago Senna",
                    "homepage": "http://thremes.com.br"
                }
            ],
            "description": "Easily vagrant up ubuntu/precise64 machines with ansible roles.",
            "support": {
                "issues": "https://github.com/trsenna/gozma12/issues",
                "source": "https://github.com/trsenna/gozma12"
            },
            "time": "2016-12-20 18:06:26"
        }
    ],
    "aliases": [],
    "minimum-stability": "stable",
    "stability-flags": [],
    "prefer-stable": false,
    "prefer-lowest": false,
    "platform": {
        "php": ">=5.3.2"
    },
    "platform-dev": []
}
