{
    "_readme": [
        "This file locks the dependencies of your project to a known state",
        "Read more about it at https://getcomposer.org/doc/01-basic-usage.md#composer-lock-the-lock-file",
        "This file is @generated automatically"
    ],
    "hash": "ab8f52c7c4e969f0facc794fd9e6db32",
    "content-hash": "9805cde05209db52c570a23848ab78e0",
    "packages": [],
    "packages-dev": [
        {
            "name": "trsenna/gozma12",
            "version": "1.0.0",
            "source": {
                "type": "git",
                "url": "https://github.com/trsenna/gozma12.git",
                "reference": "566b7df902820dd257560e95069c9502c705d744"
            },
            "dist": {
                "type": "zip",
                "url": "https://api.github.com/repos/trsenna/gozma12/zipball/566b7df902820dd257560e95069c9502c705d744",
                "reference": "566b7df902820dd257560e95069c9502c705d744",
                "shasum": ""
            },
            "type": "project",
            "license": [
                "GPL-2.0+"
            ],
            "authors": [
                {
                    "name": "Thiago Senna",
                    "homepage": "http://thremes.com.br"
                }
            ],
            "description": "Easily vagrant up ubuntu/precise64 machines with ansible roles.",
            "support": {
                "issues": "https://github.com/trsenna/gozma12/issues",
                "source": "https://github.com/trsenna/gozma12"
            },
            "time": "2016-12-23 23:26:13"
        }
    ],
    "aliases": [],
    "minimum-stability": "stable",
    "stability-flags": [],
    "prefer-stable": false,
    "prefer-lowest": false,
    "platform": {
        "php": ">=5.3.2"
    },
    "platform-dev": []
}
